<?xml version="1.0" encoding="UTF-8" standalone="yes" ?>
<CodeBlocks_project_file>
	<FileVersion major="1" minor="6" />
	<Project>
		<Option title="MK Digitador" />
		<Option pch_mode="2" />
		<Option compiler="gcc" />
		<Build>
			<Target title="Release">
				<Option output="bin/Release/Digitador" prefix_auto="1" extension_auto="1" />
				<Option object_output="obj/Release/" />
				<Option type="0" />
				<Option compiler="gcc" />
				<Option projectLinkerOptionsRelation="2" />
				<Compiler>
					<Add option="-O2" />
					<Add directory="C:/wxWidgets-3.1.3/lib/gcc_lib/mswu" />
				</Compiler>
				<ResourceCompiler>
					<Add directory="C:/wxWidgets-3.1.3/lib/gcc_lib/mswu" />
				</ResourceCompiler>
				<Linker>
					<Add option="-s" />
					<Add library="libwxmsw31u.a" />
					<Add library="libwxpng.a" />
					<Add library="libwxjpeg.a" />
					<Add library="libwxtiff.a" />
					<Add library="libwxzlib.a" />
					<Add directory="C:/wxWidgets-3.1.3/lib/gcc_lib" />
				</Linker>
			</Target>
		</Build>
		<Compiler>
			<Add option="-pipe" />
			<Add option="-mthreads" />
			<Add option="-D__GNUWIN32__" />
			<Add option="-D__WXMSW__" />
			<Add option="-DwxUSE_UNICODE" />
			<Add option="-Wall" />
			<Add directory="C:/wxWidgets-3.1.3/include" />
		</Compiler>
		<ResourceCompiler>
			<Add directory="C:/wxWidgets-3.1.3/include" />
		</ResourceCompiler>
		<Linker>
			<Add option="-mthreads" />
			<Add library="libkernel32.a" />
			<Add library="libuser32.a" />
			<Add library="libgdi32.a" />
			<Add library="libwinspool.a" />
			<Add library="libcomdlg32.a" />
			<Add library="libadvapi32.a" />
			<Add library="libshell32.a" />
			<Add library="libole32.a" />
			<Add library="liboleaut32.a" />
			<Add library="libuuid.a" />
			<Add library="libcomctl32.a" />
			<Add library="libwsock32.a" />
			<Add library="libodbc32.a" />
			<Add library="libshlwapi.a" />
			<Add library="libversion.a" />
			<Add library="liboleacc.a" />
			<Add library="libuxtheme.a" />
		</Linker>
		<Unit filename="DigitadorApp.cpp" />
		<Unit filename="DigitadorApp.h" />
		<Unit filename="DigitadorMain.cpp" />
		<Unit filename="DigitadorMain.h" />
		<Unit filename="love.cpp" />
		<Unit filename="love.h" />
		<Unit filename="mrcwin.h" />
		<Unit filename="resource.rc">
			<Option compilerVar="WINDRES" />
		</Unit>
		<Unit filename="wxsmith/Digitadorframe.wxs" />
		<Unit filename="wxsmith/love.wxs" />
		<Extensions>
			<lib_finder disable_auto="1" />
			<wxsmith version="1">
				<gui name="wxWidgets" src="DigitadorApp.cpp" main="DigitadorFrame" init_handlers="necessary" language="CPP" />
				<resources>
					<wxFrame wxs="wxsmith/Digitadorframe.wxs" src="DigitadorMain.cpp" hdr="DigitadorMain.h" fwddecl="0" i18n="1" name="DigitadorFrame" language="CPP" />
					<wxPanel wxs="wxsmith/love.wxs" src="love.cpp" hdr="love.h" fwddecl="0" i18n="1" name="love" language="CPP" />
				</resources>
			</wxsmith>
		</Extensions>
	</Project>
</CodeBlocks_project_file>
